
Microsoft Visual Studio Solution File, Format Version 12.00
# Visual Studio Version 17
VisualStudioVersion = 17.14.36212.18 d17.14
MinimumVisualStudioVersion = 10.0.40219.1
Project("{FAE04EC0-301F-11D3-BF4B-00C04F79EFBC}") = "WitiQ.MessageBroker.Pulsar.Core", "WitiQ.MessageBroker.Pulsar\WitiQ.MessageBroker.Pulsar.Core.csproj", "{07F2BF87-8A97-44CD-85F0-5E705AECFF13}"
EndProject
Project("{2150E333-8FDC-42A3-9474-1A3956D46DE8}") = "src", "src", "{02EA681E-C7D8-13C7-8484-4AC65E1B71E8}"
EndProject
Project("{FAE04EC0-301F-11D3-BF4B-00C04F79EFBC}") = "WitiQ.MessageBroker.Pulsar.Extensions.DependencyInjection", "WitiQ.MessageBroker.Pulsar.Extensions.DependencyInjection\WitiQ.MessageBroker.Pulsar.Extensions.DependencyInjection.csproj", "{33A70946-51E1-41FF-ACB7-99B7F9D9C690}"
EndProject
Project("{FAE04EC0-301F-11D3-BF4B-00C04F79EFBC}") = "WitiQ.MessageBroker.Pulsar.Extensions.Hosting", "WitiQ.MessageBroker.Pulsar.Extensions.Hosting\WitiQ.MessageBroker.Pulsar.Extensions.Hosting.csproj", "{4031A21D-3C24-4C5B-84CE-EA8C7747BA25}"
EndProject
Global
	GlobalSection(SolutionConfigurationPlatforms) = preSolution
		Debug|Any CPU = Debug|Any CPU
		Release|Any CPU = Release|Any CPU
	EndGlobalSection
	GlobalSection(ProjectConfigurationPlatforms) = postSolution
		{07F2BF87-8A97-44CD-85F0-5E705AECFF13}.Debug|Any CPU.ActiveCfg = Debug|Any CPU
		{07F2BF87-8A97-44CD-85F0-5E705AECFF13}.Debug|Any CPU.Build.0 = Debug|Any CPU
		{07F2BF87-8A97-44CD-85F0-5E705AECFF13}.Release|Any CPU.ActiveCfg = Release|Any CPU
		{07F2BF87-8A97-44CD-85F0-5E705AECFF13}.Release|Any CPU.Build.0 = Release|Any CPU
		{33A70946-51E1-41FF-ACB7-99B7F9D9C690}.Debug|Any CPU.ActiveCfg = Debug|Any CPU
		{33A70946-51E1-41FF-ACB7-99B7F9D9C690}.Debug|Any CPU.Build.0 = Debug|Any CPU
		{33A70946-51E1-41FF-ACB7-99B7F9D9C690}.Release|Any CPU.ActiveCfg = Release|Any CPU
		{33A70946-51E1-41FF-ACB7-99B7F9D9C690}.Release|Any CPU.Build.0 = Release|Any CPU
		{4031A21D-3C24-4C5B-84CE-EA8C7747BA25}.Debug|Any CPU.ActiveCfg = Debug|Any CPU
		{4031A21D-3C24-4C5B-84CE-EA8C7747BA25}.Debug|Any CPU.Build.0 = Debug|Any CPU
		{4031A21D-3C24-4C5B-84CE-EA8C7747BA25}.Release|Any CPU.ActiveCfg = Release|Any CPU
		{4031A21D-3C24-4C5B-84CE-EA8C7747BA25}.Release|Any CPU.Build.0 = Release|Any CPU
	EndGlobalSection
	GlobalSection(SolutionProperties) = preSolution
		HideSolutionNode = FALSE
	EndGlobalSection
	GlobalSection(NestedProjects) = preSolution
		{07F2BF87-8A97-44CD-85F0-5E705AECFF13} = {02EA681E-C7D8-13C7-8484-4AC65E1B71E8}
		{33A70946-51E1-41FF-ACB7-99B7F9D9C690} = {02EA681E-C7D8-13C7-8484-4AC65E1B71E8}
		{4031A21D-3C24-4C5B-84CE-EA8C7747BA25} = {02EA681E-C7D8-13C7-8484-4AC65E1B71E8}
	EndGlobalSection
	GlobalSection(ExtensibilityGlobals) = postSolution
		SolutionGuid = {8342AF2A-05A7-42E5-859C-DF4A1001B436}
	EndGlobalSection
EndGlobal
